
Microsoft Visual Studio Solution File, Format Version 12.00
# Visual Studio Version 18
VisualStudioVersion = 18.5.11716.220
MinimumVisualStudioVersion = 10.0.40219.1
Project("{2150E333-8FDC-42A3-9474-1A3956D46DE8}") = "src", "src", "{F01352AB-9F07-49D4-A3FB-41A86CA41E58}"
EndProject
Project("{2150E333-8FDC-42A3-9474-1A3956D46DE8}") = "Backend", "Backend", "{7BBD65AE-3648-CF73-38E7-62C5B3263FD4}"
EndProject
Project("{FAE04EC0-301F-11D3-BF4B-00C04F79EFBC}") = "CashFlow.Api", "src\Backend\CashFlow.Api\CashFlow.Api.csproj", "{C4EF9B02-B90B-4CB4-8E0F-E808A1700B31}"
EndProject
Project("{FAE04EC0-301F-11D3-BF4B-00C04F79EFBC}") = "CashFlow.Application", "src\Backend\CashFlow.Application\CashFlow.Application.csproj", "{91D8D2E8-C332-47E9-B6B4-33920DA7392B}"
EndProject
Project("{FAE04EC0-301F-11D3-BF4B-00C04F79EFBC}") = "CashFlow.Domain", "src\Backend\CashFlow.Domain\CashFlow.Domain.csproj", "{D821DAE5-708E-41E7-BA13-66FF4D235FB4}"
EndProject
Project("{FAE04EC0-301F-11D3-BF4B-00C04F79EFBC}") = "CashFlow.Infrastructure", "src\Backend\CashFlow.Infrastructure\CashFlow.Infrastructure.csproj", "{E75F8039-A605-478A-B3E9-A106118DBEF3}"
EndProject
Project("{2150E333-8FDC-42A3-9474-1A3956D46DE8}") = "Shared", "Shared", "{92676160-F865-57BE-4008-2C17424EC4CB}"
EndProject
Project("{FAE04EC0-301F-11D3-BF4B-00C04F79EFBC}") = "CashFlow.Communication", "src\Shared\CashFlow.Communication\CashFlow.Communication.csproj", "{94829BA5-7384-4F9F-95F6-2792545A57FB}"
EndProject
Project("{FAE04EC0-301F-11D3-BF4B-00C04F79EFBC}") = "CashFlow.Exception", "src\Shared\CashFlow.Exception\CashFlow.Exception.csproj", "{CA274B10-2B1C-4774-A61B-53AC72A64837}"
EndProject
Project("{2150E333-8FDC-42A3-9474-1A3956D46DE8}") = "tests", "tests", "{0AB3BF05-4346-4AA6-1389-037BE0695223}"
EndProject
Project("{2150E333-8FDC-42A3-9474-1A3956D46DE8}") = "Backend", "Backend", "{C62EED4C-2AC9-F50F-E0BC-649CFEA98BDB}"
EndProject
Project("{FAE04EC0-301F-11D3-BF4B-00C04F79EFBC}") = "CommomTestsUtilies", "tests\Backend\CommomTestsUtilies\CommomTestsUtilies.csproj", "{DEE05F9F-3F61-4CC1-ACFF-7FA03F986564}"
EndProject
Project("{FAE04EC0-301F-11D3-BF4B-00C04F79EFBC}") = "UseCases.Tests", "tests\Backend\UseCases.Tests\UseCases.Tests.csproj", "{068912DA-D4BA-43CB-A2D0-19FEB007CFFB}"
EndProject
Project("{FAE04EC0-301F-11D3-BF4B-00C04F79EFBC}") = "Validators.Tests", "tests\Backend\Validators.Tests\Validators.Tests.csproj", "{043408C5-7E90-4ACE-BA8A-CC145B952003}"
EndProject
Project("{FAE04EC0-301F-11D3-BF4B-00C04F79EFBC}") = "WebApi.Tests", "tests\Backend\WebApi.Tests\WebApi.Tests.csproj", "{80C950AA-7652-47B2-A32D-0E3400024DAB}"
EndProject
Project("{2150E333-8FDC-42A3-9474-1A3956D46DE8}") = "Web", "Web", "{0EFC9310-C9EE-4569-B281-9342F64532AD}"
EndProject
Project("{FAE04EC0-301F-11D3-BF4B-00C04F79EFBC}") = "CashFlow.Adapter", "src\Web\CashFlow.Adapter\CashFlow.Adapter.csproj", "{51C06539-76A3-4225-98CE-001CC960FA30}"
EndProject
Project("{FAE04EC0-301F-11D3-BF4B-00C04F79EFBC}") = "CashFlow.App", "src\Web\CashFlow.App\CashFlow.App.csproj", "{EA74050C-0652-4012-A3EA-B12C426449B8}"
EndProject
Global
	GlobalSection(SolutionConfigurationPlatforms) = preSolution
		Debug|Any CPU = Debug|Any CPU
		Debug|x64 = Debug|x64
		Debug|x86 = Debug|x86
		Release|Any CPU = Release|Any CPU
		Release|x64 = Release|x64
		Release|x86 = Release|x86
	EndGlobalSection
	GlobalSection(ProjectConfigurationPlatforms) = postSolution
		{C4EF9B02-B90B-4CB4-8E0F-E808A1700B31}.Debug|Any CPU.ActiveCfg = Debug|Any CPU
		{C4EF9B02-B90B-4CB4-8E0F-E808A1700B31}.Debug|Any CPU.Build.0 = Debug|Any CPU
		{C4EF9B02-B90B-4CB4-8E0F-E808A1700B31}.Debug|x64.ActiveCfg = Debug|Any CPU
		{C4EF9B02-B90B-4CB4-8E0F-E808A1700B31}.Debug|x64.Build.0 = Debug|Any CPU
		{C4EF9B02-B90B-4CB4-8E0F-E808A1700B31}.Debug|x86.ActiveCfg = Debug|Any CPU
		{C4EF9B02-B90B-4CB4-8E0F-E808A1700B31}.Debug|x86.Build.0 = Debug|Any CPU
		{C4EF9B02-B90B-4CB4-8E0F-E808A1700B31}.Release|Any CPU.ActiveCfg = Release|Any CPU
		{C4EF9B02-B90B-4CB4-8E0F-E808A1700B31}.Release|Any CPU.Build.0 = Release|Any CPU
		{C4EF9B02-B90B-4CB4-8E0F-E808A1700B31}.Release|x64.ActiveCfg = Release|Any CPU
		{C4EF9B02-B90B-4CB4-8E0F-E808A1700B31}.Release|x64.Build.0 = Release|Any CPU
		{C4EF9B02-B90B-4CB4-8E0F-E808A1700B31}.Release|x86.ActiveCfg = Release|Any CPU
		{C4EF9B02-B90B-4CB4-8E0F-E808A1700B31}.Release|x86.Build.0 = Release|Any CPU
		{91D8D2E8-C332-47E9-B6B4-33920DA7392B}.Debug|Any CPU.ActiveCfg = Debug|Any CPU
		{91D8D2E8-C332-47E9-B6B4-33920DA7392B}.Debug|Any CPU.Build.0 = Debug|Any CPU
		{91D8D2E8-C332-47E9-B6B4-33920DA7392B}.Debug|x64.ActiveCfg = Debug|Any CPU
		{91D8D2E8-C332-47E9-B6B4-33920DA7392B}.Debug|x64.Build.0 = Debug|Any CPU
		{91D8D2E8-C332-47E9-B6B4-33920DA7392B}.Debug|x86.ActiveCfg = Debug|Any CPU
		{91D8D2E8-C332-47E9-B6B4-33920DA7392B}.Debug|x86.Build.0 = Debug|Any CPU
		{91D8D2E8-C332-47E9-B6B4-33920DA7392B}.Release|Any CPU.ActiveCfg = Release|Any CPU
		{91D8D2E8-C332-47E9-B6B4-33920DA7392B}.Release|Any CPU.Build.0 = Release|Any CPU
		{91D8D2E8-C332-47E9-B6B4-33920DA7392B}.Release|x64.ActiveCfg = Release|Any CPU
		{91D8D2E8-C332-47E9-B6B4-33920DA7392B}.Release|x64.Build.0 = Release|Any CPU
		{91D8D2E8-C332-47E9-B6B4-33920DA7392B}.Release|x86.ActiveCfg = Release|Any CPU
		{91D8D2E8-C332-47E9-B6B4-33920DA7392B}.Release|x86.Build.0 = Release|Any CPU
		{D821DAE5-708E-41E7-BA13-66FF4D235FB4}.Debug|Any CPU.ActiveCfg = Debug|Any CPU
		{D821DAE5-708E-41E7-BA13-66FF4D235FB4}.Debug|Any CPU.Build.0 = Debug|Any CPU
		{D821DAE5-708E-41E7-BA13-66FF4D235FB4}.Debug|x64.ActiveCfg = Debug|Any CPU
		{D821DAE5-708E-41E7-BA13-66FF4D235FB4}.Debug|x64.Build.0 = Debug|Any CPU
		{D821DAE5-708E-41E7-BA13-66FF4D235FB4}.Debug|x86.ActiveCfg = Debug|Any CPU
		{D821DAE5-708E-41E7-BA13-66FF4D235FB4}.Debug|x86.Build.0 = Debug|Any CPU
		{D821DAE5-708E-41E7-BA13-66FF4D235FB4}.Release|Any CPU.ActiveCfg = Release|Any CPU
		{D821DAE5-708E-41E7-BA13-66FF4D235FB4}.Release|Any CPU.Build.0 = Release|Any CPU
		{D821DAE5-708E-41E7-BA13-66FF4D235FB4}.Release|x64.ActiveCfg = Release|Any CPU
		{D821DAE5-708E-41E7-BA13-66FF4D235FB4}.Release|x64.Build.0 = Release|Any CPU
		{D821DAE5-708E-41E7-BA13-66FF4D235FB4}.Release|x86.ActiveCfg = Release|Any CPU
		{D821DAE5-708E-41E7-BA13-66FF4D235FB4}.Release|x86.Build.0 = Release|Any CPU
		{E75F8039-A605-478A-B3E9-A106118DBEF3}.Debug|Any CPU.ActiveCfg = Debug|Any CPU
		{E75F8039-A605-478A-B3E9-A106118DBEF3}.Debug|Any CPU.Build.0 = Debug|Any CPU
		{E75F8039-A605-478A-B3E9-A106118DBEF3}.Debug|x64.ActiveCfg = Debug|Any CPU
		{E75F8039-A605-478A-B3E9-A106118DBEF3}.Debug|x64.Build.0 = Debug|Any CPU
		{E75F8039-A605-478A-B3E9-A106118DBEF3}.Debug|x86.ActiveCfg = Debug|Any CPU
		{E75F8039-A605-478A-B3E9-A106118DBEF3}.Debug|x86.Build.0 = Debug|Any CPU
		{E75F8039-A605-478A-B3E9-A106118DBEF3}.Release|Any CPU.ActiveCfg = Release|Any CPU
		{E75F8039-A605-478A-B3E9-A106118DBEF3}.Release|Any CPU.Build.0 = Release|Any CPU
		{E75F8039-A605-478A-B3E9-A106118DBEF3}.Release|x64.ActiveCfg = Release|Any CPU
		{E75F8039-A605-478A-B3E9-A106118DBEF3}.Release|x64.Build.0 = Release|Any CPU
		{E75F8039-A605-478A-B3E9-A106118DBEF3}.Release|x86.ActiveCfg = Release|Any CPU
		{E75F8039-A605-478A-B3E9-A106118DBEF3}.Release|x86.Build.0 = Release|Any CPU
		{94829BA5-7384-4F9F-95F6-2792545A57FB}.Debug|Any CPU.ActiveCfg = Debug|Any CPU
		{94829BA5-7384-4F9F-95F6-2792545A57FB}.Debug|Any CPU.Build.0 = Debug|Any CPU
		{94829BA5-7384-4F9F-95F6-2792545A57FB}.Debug|x64.ActiveCfg = Debug|Any CPU
		{94829BA5-7384-4F9F-95F6-2792545A57FB}.Debug|x64.Build.0 = Debug|Any CPU
		{94829BA5-7384-4F9F-95F6-2792545A57FB}.Debug|x86.ActiveCfg = Debug|Any CPU
		{94829BA5-7384-4F9F-95F6-2792545A57FB}.Debug|x86.Build.0 = Debug|Any CPU
		{94829BA5-7384-4F9F-95F6-2792545A57FB}.Release|Any CPU.ActiveCfg = Release|Any CPU
		{94829BA5-7384-4F9F-95F6-2792545A57FB}.Release|Any CPU.Build.0 = Release|Any CPU
		{94829BA5-7384-4F9F-95F6-2792545A57FB}.Release|x64.ActiveCfg = Release|Any CPU
		{94829BA5-7384-4F9F-95F6-2792545A57FB}.Release|x64.Build.0 = Release|Any CPU
		{94829BA5-7384-4F9F-95F6-2792545A57FB}.Release|x86.ActiveCfg = Release|Any CPU
		{94829BA5-7384-4F9F-95F6-2792545A57FB}.Release|x86.Build.0 = Release|Any CPU
		{CA274B10-2B1C-4774-A61B-53AC72A64837}.Debug|Any CPU.ActiveCfg = Debug|Any CPU
		{CA274B10-2B1C-4774-A61B-53AC72A64837}.Debug|Any CPU.Build.0 = Debug|Any CPU
		{CA274B10-2B1C-4774-A61B-53AC72A64837}.Debug|x64.ActiveCfg = Debug|Any CPU
		{CA274B10-2B1C-4774-A61B-53AC72A64837}.Debug|x64.Build.0 = Debug|Any CPU
		{CA274B10-2B1C-4774-A61B-53AC72A64837}.Debug|x86.ActiveCfg = Debug|Any CPU
		{CA274B10-2B1C-4774-A61B-53AC72A64837}.Debug|x86.Build.0 = Debug|Any CPU
		{CA274B10-2B1C-4774-A61B-53AC72A64837}.Release|Any CPU.ActiveCfg = Release|Any CPU
		{CA274B10-2B1C-4774-A61B-53AC72A64837}.Release|Any CPU.Build.0 = Release|Any CPU
		{CA274B10-2B1C-4774-A61B-53AC72A64837}.Release|x64.ActiveCfg = Release|Any CPU
		{CA274B10-2B1C-4774-A61B-53AC72A64837}.Release|x64.Build.0 = Release|Any CPU
		{CA274B10-2B1C-4774-A61B-53AC72A64837}.Release|x86.ActiveCfg = Release|Any CPU
		{CA274B10-2B1C-4774-A61B-53AC72A64837}.Release|x86.Build.0 = Release|Any CPU
		{DEE05F9F-3F61-4CC1-ACFF-7FA03F986564}.Debug|Any CPU.ActiveCfg = Debug|Any CPU
		{DEE05F9F-3F61-4CC1-ACFF-7FA03F986564}.Debug|Any CPU.Build.0 = Debug|Any CPU
		{DEE05F9F-3F61-4CC1-ACFF-7FA03F986564}.Debug|x64.ActiveCfg = Debug|Any CPU
		{DEE05F9F-3F61-4CC1-ACFF-7FA03F986564}.Debug|x64.Build.0 = Debug|Any CPU
		{DEE05F9F-3F61-4CC1-ACFF-7FA03F986564}.Debug|x86.ActiveCfg = Debug|Any CPU
		{DEE05F9F-3F61-4CC1-ACFF-7FA03F986564}.Debug|x86.Build.0 = Debug|Any CPU
		{DEE05F9F-3F61-4CC1-ACFF-7FA03F986564}.Release|Any CPU.ActiveCfg = Release|Any CPU
		{DEE05F9F-3F61-4CC1-ACFF-7FA03F986564}.Release|Any CPU.Build.0 = Release|Any CPU
		{DEE05F9F-3F61-4CC1-ACFF-7FA03F986564}.Release|x64.ActiveCfg = Release|Any CPU
		{DEE05F9F-3F61-4CC1-ACFF-7FA03F986564}.Release|x64.Build.0 = Release|Any CPU
		{DEE05F9F-3F61-4CC1-ACFF-7FA03F986564}.Release|x86.ActiveCfg = Release|Any CPU
		{DEE05F9F-3F61-4CC1-ACFF-7FA03F986564}.Release|x86.Build.0 = Release|Any CPU
		{068912DA-D4BA-43CB-A2D0-19FEB007CFFB}.Debug|Any CPU.ActiveCfg = Debug|Any CPU
		{068912DA-D4BA-43CB-A2D0-19FEB007CFFB}.Debug|Any CPU.Build.0 = Debug|Any CPU
		{068912DA-D4BA-43CB-A2D0-19FEB007CFFB}.Debug|x64.ActiveCfg = Debug|Any CPU
		{068912DA-D4BA-43CB-A2D0-19FEB007CFFB}.Debug|x64.Build.0 = Debug|Any CPU
		{068912DA-D4BA-43CB-A2D0-19FEB007CFFB}.Debug|x86.ActiveCfg = Debug|Any CPU
		{068912DA-D4BA-43CB-A2D0-19FEB007CFFB}.Debug|x86.Build.0 = Debug|Any CPU
		{068912DA-D4BA-43CB-A2D0-19FEB007CFFB}.Release|Any CPU.ActiveCfg = Release|Any CPU
		{068912DA-D4BA-43CB-A2D0-19FEB007CFFB}.Release|Any CPU.Build.0 = Release|Any CPU
		{068912DA-D4BA-43CB-A2D0-19FEB007CFFB}.Release|x64.ActiveCfg = Release|Any CPU
		{068912DA-D4BA-43CB-A2D0-19FEB007CFFB}.Release|x64.Build.0 = Release|Any CPU
		{068912DA-D4BA-43CB-A2D0-19FEB007CFFB}.Release|x86.ActiveCfg = Release|Any CPU
		{068912DA-D4BA-43CB-A2D0-19FEB007CFFB}.Release|x86.Build.0 = Release|Any CPU
		{043408C5-7E90-4ACE-BA8A-CC145B952003}.Debug|Any CPU.ActiveCfg = Debug|Any CPU
		{043408C5-7E90-4ACE-BA8A-CC145B952003}.Debug|Any CPU.Build.0 = Debug|Any CPU
		{043408C5-7E90-4ACE-BA8A-CC145B952003}.Debug|x64.ActiveCfg = Debug|Any CPU
		{043408C5-7E90-4ACE-BA8A-CC145B952003}.Debug|x64.Build.0 = Debug|Any CPU
		{043408C5-7E90-4ACE-BA8A-CC145B952003}.Debug|x86.ActiveCfg = Debug|Any CPU
		{043408C5-7E90-4ACE-BA8A-CC145B952003}.Debug|x86.Build.0 = Debug|Any CPU
		{043408C5-7E90-4ACE-BA8A-CC145B952003}.Release|Any CPU.ActiveCfg = Release|Any CPU
		{043408C5-7E90-4ACE-BA8A-CC145B952003}.Release|Any CPU.Build.0 = Release|Any CPU
		{043408C5-7E90-4ACE-BA8A-CC145B952003}.Release|x64.ActiveCfg = Release|Any CPU
		{043408C5-7E90-4ACE-BA8A-CC145B952003}.Release|x64.Build.0 = Release|Any CPU
		{043408C5-7E90-4ACE-BA8A-CC145B952003}.Release|x86.ActiveCfg = Release|Any CPU
		{043408C5-7E90-4ACE-BA8A-CC145B952003}.Release|x86.Build.0 = Release|Any CPU
		{80C950AA-7652-47B2-A32D-0E3400024DAB}.Debug|Any CPU.ActiveCfg = Debug|Any CPU
		{80C950AA-7652-47B2-A32D-0E3400024DAB}.Debug|Any CPU.Build.0 = Debug|Any CPU
		{80C950AA-7652-47B2-A32D-0E3400024DAB}.Debug|x64.ActiveCfg = Debug|Any CPU
		{80C950AA-7652-47B2-A32D-0E3400024DAB}.Debug|x64.Build.0 = Debug|Any CPU
		{80C950AA-7652-47B2-A32D-0E3400024DAB}.Debug|x86.ActiveCfg = Debug|Any CPU
		{80C950AA-7652-47B2-A32D-0E3400024DAB}.Debug|x86.Build.0 = Debug|Any CPU
		{80C950AA-7652-47B2-A32D-0E3400024DAB}.Release|Any CPU.ActiveCfg = Release|Any CPU
		{80C950AA-7652-47B2-A32D-0E3400024DAB}.Release|Any CPU.Build.0 = Release|Any CPU
		{80C950AA-7652-47B2-A32D-0E3400024DAB}.Release|x64.ActiveCfg = Release|Any CPU
		{80C950AA-7652-47B2-A32D-0E3400024DAB}.Release|x64.Build.0 = Release|Any CPU
		{80C950AA-7652-47B2-A32D-0E3400024DAB}.Release|x86.ActiveCfg = Release|Any CPU
		{80C950AA-7652-47B2-A32D-0E3400024DAB}.Release|x86.Build.0 = Release|Any CPU
		{51C06539-76A3-4225-98CE-001CC960FA30}.Debug|Any CPU.ActiveCfg = Debug|Any CPU
		{51C06539-76A3-4225-98CE-001CC960FA30}.Debug|Any CPU.Build.0 = Debug|Any CPU
		{51C06539-76A3-4225-98CE-001CC960FA30}.Debug|x64.ActiveCfg = Debug|Any CPU
		{51C06539-76A3-4225-98CE-001CC960FA30}.Debug|x64.Build.0 = Debug|Any CPU
		{51C06539-76A3-4225-98CE-001CC960FA30}.Debug|x86.ActiveCfg = Debug|Any CPU
		{51C06539-76A3-4225-98CE-001CC960FA30}.Debug|x86.Build.0 = Debug|Any CPU
		{51C06539-76A3-4225-98CE-001CC960FA30}.Release|Any CPU.ActiveCfg = Release|Any CPU
		{51C06539-76A3-4225-98CE-001CC960FA30}.Release|Any CPU.Build.0 = Release|Any CPU
		{51C06539-76A3-4225-98CE-001CC960FA30}.Release|x64.ActiveCfg = Release|Any CPU
		{51C06539-76A3-4225-98CE-001CC960FA30}.Release|x64.Build.0 = Release|Any CPU
		{51C06539-76A3-4225-98CE-001CC960FA30}.Release|x86.ActiveCfg = Release|Any CPU
		{51C06539-76A3-4225-98CE-001CC960FA30}.Release|x86.Build.0 = Release|Any CPU
		{EA74050C-0652-4012-A3EA-B12C426449B8}.Debug|Any CPU.ActiveCfg = Debug|Any CPU
		{EA74050C-0652-4012-A3EA-B12C426449B8}.Debug|Any CPU.Build.0 = Debug|Any CPU
		{EA74050C-0652-4012-A3EA-B12C426449B8}.Debug|x64.ActiveCfg = Debug|Any CPU
		{EA74050C-0652-4012-A3EA-B12C426449B8}.Debug|x64.Build.0 = Debug|Any CPU
		{EA74050C-0652-4012-A3EA-B12C426449B8}.Debug|x86.ActiveCfg = Debug|Any CPU
		{EA74050C-0652-4012-A3EA-B12C426449B8}.Debug|x86.Build.0 = Debug|Any CPU
		{EA74050C-0652-4012-A3EA-B12C426449B8}.Release|Any CPU.ActiveCfg = Release|Any CPU
		{EA74050C-0652-4012-A3EA-B12C426449B8}.Release|Any CPU.Build.0 = Release|Any CPU
		{EA74050C-0652-4012-A3EA-B12C426449B8}.Release|x64.ActiveCfg = Release|Any CPU
		{EA74050C-0652-4012-A3EA-B12C426449B8}.Release|x64.Build.0 = Release|Any CPU
		{EA74050C-0652-4012-A3EA-B12C426449B8}.Release|x86.ActiveCfg = Release|Any CPU
		{EA74050C-0652-4012-A3EA-B12C426449B8}.Release|x86.Build.0 = Release|Any CPU
	EndGlobalSection
	GlobalSection(SolutionProperties) = preSolution
		HideSolutionNode = FALSE
	EndGlobalSection
	GlobalSection(NestedProjects) = preSolution
		{7BBD65AE-3648-CF73-38E7-62C5B3263FD4} = {F01352AB-9F07-49D4-A3FB-41A86CA41E58}
		{C4EF9B02-B90B-4CB4-8E0F-E808A1700B31} = {7BBD65AE-3648-CF73-38E7-62C5B3263FD4}
		{91D8D2E8-C332-47E9-B6B4-33920DA7392B} = {7BBD65AE-3648-CF73-38E7-62C5B3263FD4}
		{D821DAE5-708E-41E7-BA13-66FF4D235FB4} = {7BBD65AE-3648-CF73-38E7-62C5B3263FD4}
		{E75F8039-A605-478A-B3E9-A106118DBEF3} = {7BBD65AE-3648-CF73-38E7-62C5B3263FD4}
		{92676160-F865-57BE-4008-2C17424EC4CB} = {F01352AB-9F07-49D4-A3FB-41A86CA41E58}
		{94829BA5-7384-4F9F-95F6-2792545A57FB} = {92676160-F865-57BE-4008-2C17424EC4CB}
		{CA274B10-2B1C-4774-A61B-53AC72A64837} = {92676160-F865-57BE-4008-2C17424EC4CB}
		{C62EED4C-2AC9-F50F-E0BC-649CFEA98BDB} = {0AB3BF05-4346-4AA6-1389-037BE0695223}
		{DEE05F9F-3F61-4CC1-ACFF-7FA03F986564} = {C62EED4C-2AC9-F50F-E0BC-649CFEA98BDB}
		{068912DA-D4BA-43CB-A2D0-19FEB007CFFB} = {C62EED4C-2AC9-F50F-E0BC-649CFEA98BDB}
		{043408C5-7E90-4ACE-BA8A-CC145B952003} = {C62EED4C-2AC9-F50F-E0BC-649CFEA98BDB}
		{80C950AA-7652-47B2-A32D-0E3400024DAB} = {C62EED4C-2AC9-F50F-E0BC-649CFEA98BDB}
		{0EFC9310-C9EE-4569-B281-9342F64532AD} = {F01352AB-9F07-49D4-A3FB-41A86CA41E58}
		{51C06539-76A3-4225-98CE-001CC960FA30} = {0EFC9310-C9EE-4569-B281-9342F64532AD}
		{EA74050C-0652-4012-A3EA-B12C426449B8} = {0EFC9310-C9EE-4569-B281-9342F64532AD}
	EndGlobalSection
EndGlobal
